{
    "_readme": [
        "This file locks the dependencies of your project to a known state",
        "Read more about it at https://getcomposer.org/doc/01-basic-usage.md#composer-lock-the-lock-file",
        "This file is @generated automatically"
    ],
    "hash": "bd01142faefbfaeaa0cf19ea8dd875fd",
    "content-hash": "099b912275da530b3108664094e42d3d",
    "packages": [
        {
            "name": "inc2734/wp-customizer-framework",
            "version": "3.0.5",
            "source": {
                "type": "git",
                "url": "https://github.com/inc2734/wp-customizer-framework.git",
                "reference": "7f95fdf8e42f0caf87a678638e00f6790e774ef0"
            },
            "dist": {
                "type": "zip",
                "url": "https://api.github.com/repos/inc2734/wp-customizer-framework/zipball/7f95fdf8e42f0caf87a678638e00f6790e774ef0",
                "reference": "7f95fdf8e42f0caf87a678638e00f6790e774ef0",
                "shasum": ""
            },
            "require": {
                "php": ">=5.6"
            },
            "require-dev": {
                "phpmd/phpmd": "2.*",
                "phpunit/phpunit": "^5.7",
                "squizlabs/php_codesniffer": "*",
                "wp-coding-standards/wpcs": "*"
            },
            "type": "library",
            "autoload": {
                "psr-4": {
                    "Inc2734\\WP_Customizer_Framework\\": "src"
                }
            },
            "notification-url": "https://packagist.org/downloads/",
            "license": [
                "GPL-2.0-or-later"
            ],
            "authors": [
                {
                    "name": "Takashi Kitajima",
                    "email": "inc@2inc.org"
                }
            ],
            "description": "A library for WordPress Customizer.",
            "time": "2018-02-06 02:41:13"
        }
    ],
    "packages-dev": [],
    "aliases": [],
    "minimum-stability": "stable",
    "stability-flags": [],
    "prefer-stable": false,
    "prefer-lowest": false,
    "platform": {
        "php": ">=5.6"
    },
    "platform-dev": []
}
